
Microsoft Visual Studio Solution File, Format Version 12.00
# Visual Studio Version 16
VisualStudioVersion = 16.0.30413.136
MinimumVisualStudioVersion = 10.0.40219.1
Project("{FAE04EC0-301F-11D3-BF4B-00C04F79EFBC}") = "Sales_Total", "Sales_Total\Sales_Total.csproj", "{89B74859-B0B8-4E3A-8E32-A19B06E703F0}"
EndProject
Project("{FAE04EC0-301F-11D3-BF4B-00C04F79EFBC}") = "StudentGrade", "StudentGrade\StudentGrade.csproj", "{58869117-0E32-48F8-AAA8-B0296132F814}"
EndProject
Global
	GlobalSection(SolutionConfigurationPlatforms) = preSolution
		Debug|Any CPU = Debug|Any CPU
		Release|Any CPU = Release|Any CPU
	EndGlobalSection
	GlobalSection(ProjectConfigurationPlatforms) = postSolution
		{89B74859-B0B8-4E3A-8E32-A19B06E703F0}.Debug|Any CPU.ActiveCfg = Debug|Any CPU
		{89B74859-B0B8-4E3A-8E32-A19B06E703F0}.Debug|Any CPU.Build.0 = Debug|Any CPU
		{89B74859-B0B8-4E3A-8E32-A19B06E703F0}.Release|Any CPU.ActiveCfg = Release|Any CPU
		{89B74859-B0B8-4E3A-8E32-A19B06E703F0}.Release|Any CPU.Build.0 = Release|Any CPU
		{58869117-0E32-48F8-AAA8-B0296132F814}.Debug|Any CPU.ActiveCfg = Debug|Any CPU
		{58869117-0E32-48F8-AAA8-B0296132F814}.Debug|Any CPU.Build.0 = Debug|Any CPU
		{58869117-0E32-48F8-AAA8-B0296132F814}.Release|Any CPU.ActiveCfg = Release|Any CPU
		{58869117-0E32-48F8-AAA8-B0296132F814}.Release|Any CPU.Build.0 = Release|Any CPU
	EndGlobalSection
	GlobalSection(SolutionProperties) = preSolution
		HideSolutionNode = FALSE
	EndGlobalSection
	GlobalSection(ExtensibilityGlobals) = postSolution
		SolutionGuid = {148E80F4-E00F-4158-9ED3-24DA46D59CD6}
	EndGlobalSection
EndGlobal
